
Microsoft Visual Studio Solution File, Format Version 12.00
# Visual Studio Version 16
VisualStudioVersion = 16.0.29424.173
MinimumVisualStudioVersion = 10.0.40219.1
Project("{9A19103F-16F7-4668-BE54-9A1E7A4F7556}") = "APIClinica", "APIClinica.csproj", "{AEE43520-AD9C-48B5-A904-8EB716D0C82A}"
EndProject
Global
	GlobalSection(SolutionConfigurationPlatforms) = preSolution
		Debug|Any CPU = Debug|Any CPU
		Release|Any CPU = Release|Any CPU
	EndGlobalSection
	GlobalSection(ProjectConfigurationPlatforms) = postSolution
		{AEE43520-AD9C-48B5-A904-8EB716D0C82A}.Debug|Any CPU.ActiveCfg = Debug|Any CPU
		{AEE43520-AD9C-48B5-A904-8EB716D0C82A}.Debug|Any CPU.Build.0 = Debug|Any CPU
		{AEE43520-AD9C-48B5-A904-8EB716D0C82A}.Release|Any CPU.ActiveCfg = Release|Any CPU
		{AEE43520-AD9C-48B5-A904-8EB716D0C82A}.Release|Any CPU.Build.0 = Release|Any CPU
	EndGlobalSection
	GlobalSection(SolutionProperties) = preSolution
		HideSolutionNode = FALSE
	EndGlobalSection
	GlobalSection(ExtensibilityGlobals) = postSolution
		SolutionGuid = {CD799EA3-0DCD-4F2A-8F4B-C29A4C16BBB8}
	EndGlobalSection
EndGlobal
